# This file is autogenerated, do not edit; changes may be undone by the next 'dep ensure'.


[[projects]]
  name = "github.com/nlopes/slack"
  packages = ["."]
  revision = "1da32686c2e7143de764729a1d52732047f7aa84"

[[projects]]
  name = "golang.org/x/net"
  packages = ["websocket"]
  revision = "d9558e5c97f85372afee28cf2b6059d7d3818919"

[solve-meta]
  analyzer-name = "dep"
  analyzer-version = 1
  inputs-digest = "af8acd38f8de2bfa3a6f3f342a5899359d1b4c589e175b933f2d8f9c3852b59f"
  solver-name = "gps-cdcl"
  solver-version = 1
